
Microsoft Visual Studio Solution File, Format Version 12.00
# Visual Studio Version 16
VisualStudioVersion = 16.0.29209.62
MinimumVisualStudioVersion = 10.0.40219.1
Project("{FAE04EC0-301F-11D3-BF4B-00C04F79EFBC}") = "TicTacToe", "TicTacToe\TicTacToe.csproj", "{12340FD6-C58A-4866-A32E-D2B09750ED6D}"
EndProject
Global
	GlobalSection(SolutionConfigurationPlatforms) = preSolution
		Debug|Any CPU = Debug|Any CPU
		Release|Any CPU = Release|Any CPU
	EndGlobalSection
	GlobalSection(ProjectConfigurationPlatforms) = postSolution
		{12340FD6-C58A-4866-A32E-D2B09750ED6D}.Debug|Any CPU.ActiveCfg = Debug|Any CPU
		{12340FD6-C58A-4866-A32E-D2B09750ED6D}.Debug|Any CPU.Build.0 = Debug|Any CPU
		{12340FD6-C58A-4866-A32E-D2B09750ED6D}.Release|Any CPU.ActiveCfg = Release|Any CPU
		{12340FD6-C58A-4866-A32E-D2B09750ED6D}.Release|Any CPU.Build.0 = Release|Any CPU
	EndGlobalSection
	GlobalSection(SolutionProperties) = preSolution
		HideSolutionNode = FALSE
	EndGlobalSection
	GlobalSection(ExtensibilityGlobals) = postSolution
		SolutionGuid = {E480277D-3F6B-4B5E-B3F4-5AC32713CD71}
	EndGlobalSection
EndGlobal
